
Microsoft Visual Studio Solution File, Format Version 12.00
# Visual Studio Version 16
VisualStudioVersion = 16.0.29215.179
MinimumVisualStudioVersion = 10.0.40219.1
Project("{FAE04EC0-301F-11D3-BF4B-00C04F79EFBC}") = "Ex160", "Ex160\Ex160.csproj", "{4DF4632C-FB22-4AD2-82BF-7FCFAE036A07}"
EndProject
Global
	GlobalSection(SolutionConfigurationPlatforms) = preSolution
		Debug|Any CPU = Debug|Any CPU
		Release|Any CPU = Release|Any CPU
	EndGlobalSection
	GlobalSection(ProjectConfigurationPlatforms) = postSolution
		{4DF4632C-FB22-4AD2-82BF-7FCFAE036A07}.Debug|Any CPU.ActiveCfg = Debug|Any CPU
		{4DF4632C-FB22-4AD2-82BF-7FCFAE036A07}.Debug|Any CPU.Build.0 = Debug|Any CPU
		{4DF4632C-FB22-4AD2-82BF-7FCFAE036A07}.Release|Any CPU.ActiveCfg = Release|Any CPU
		{4DF4632C-FB22-4AD2-82BF-7FCFAE036A07}.Release|Any CPU.Build.0 = Release|Any CPU
	EndGlobalSection
	GlobalSection(SolutionProperties) = preSolution
		HideSolutionNode = FALSE
	EndGlobalSection
	GlobalSection(ExtensibilityGlobals) = postSolution
		SolutionGuid = {7A503C58-6DCA-4668-A5D0-78FCEB24A4A0}
	EndGlobalSection
EndGlobal
