
Microsoft Visual Studio Solution File, Format Version 12.00
# Visual Studio Version 16
VisualStudioVersion = 16.0.29215.179
MinimumVisualStudioVersion = 10.0.40219.1
Project("{FAE04EC0-301F-11D3-BF4B-00C04F79EFBC}") = "Ex160-5", "Ex160-5.csproj", "{1CF183C1-4DBE-4A04-AF84-C1D72C8B0F12}"
EndProject
Global
	GlobalSection(SolutionConfigurationPlatforms) = preSolution
		Debug|Any CPU = Debug|Any CPU
		Release|Any CPU = Release|Any CPU
	EndGlobalSection
	GlobalSection(ProjectConfigurationPlatforms) = postSolution
		{1CF183C1-4DBE-4A04-AF84-C1D72C8B0F12}.Debug|Any CPU.ActiveCfg = Debug|Any CPU
		{1CF183C1-4DBE-4A04-AF84-C1D72C8B0F12}.Debug|Any CPU.Build.0 = Debug|Any CPU
		{1CF183C1-4DBE-4A04-AF84-C1D72C8B0F12}.Release|Any CPU.ActiveCfg = Release|Any CPU
		{1CF183C1-4DBE-4A04-AF84-C1D72C8B0F12}.Release|Any CPU.Build.0 = Release|Any CPU
	EndGlobalSection
	GlobalSection(SolutionProperties) = preSolution
		HideSolutionNode = FALSE
	EndGlobalSection
	GlobalSection(ExtensibilityGlobals) = postSolution
		SolutionGuid = {94623100-9F87-4E72-8D65-D93CEE2052BD}
	EndGlobalSection
EndGlobal
