
Microsoft Visual Studio Solution File, Format Version 12.00
# Visual Studio Version 16
VisualStudioVersion = 16.0.29215.179
MinimumVisualStudioVersion = 10.0.40219.1
Project("{FAE04EC0-301F-11D3-BF4B-00C04F79EFBC}") = "Ex135", "Ex135.csproj", "{0783D6A5-59D2-4337-ABD8-41477FEEB19D}"
EndProject
Global
	GlobalSection(SolutionConfigurationPlatforms) = preSolution
		Debug|Any CPU = Debug|Any CPU
		Release|Any CPU = Release|Any CPU
	EndGlobalSection
	GlobalSection(ProjectConfigurationPlatforms) = postSolution
		{0783D6A5-59D2-4337-ABD8-41477FEEB19D}.Debug|Any CPU.ActiveCfg = Debug|Any CPU
		{0783D6A5-59D2-4337-ABD8-41477FEEB19D}.Debug|Any CPU.Build.0 = Debug|Any CPU
		{0783D6A5-59D2-4337-ABD8-41477FEEB19D}.Release|Any CPU.ActiveCfg = Release|Any CPU
		{0783D6A5-59D2-4337-ABD8-41477FEEB19D}.Release|Any CPU.Build.0 = Release|Any CPU
	EndGlobalSection
	GlobalSection(SolutionProperties) = preSolution
		HideSolutionNode = FALSE
	EndGlobalSection
	GlobalSection(ExtensibilityGlobals) = postSolution
		SolutionGuid = {5979F7A7-74F1-4846-971A-9689B7EB9255}
	EndGlobalSection
EndGlobal
