
Microsoft Visual Studio Solution File, Format Version 12.00
# Visual Studio Version 16
VisualStudioVersion = 16.0.29215.179
MinimumVisualStudioVersion = 10.0.40219.1
Project("{FAE04EC0-301F-11D3-BF4B-00C04F79EFBC}") = "Ex160-7", "Ex160-7.csproj", "{898049D9-B43C-4B0C-9553-0A09B47F003E}"
EndProject
Global
	GlobalSection(SolutionConfigurationPlatforms) = preSolution
		Debug|Any CPU = Debug|Any CPU
		Release|Any CPU = Release|Any CPU
	EndGlobalSection
	GlobalSection(ProjectConfigurationPlatforms) = postSolution
		{898049D9-B43C-4B0C-9553-0A09B47F003E}.Debug|Any CPU.ActiveCfg = Debug|Any CPU
		{898049D9-B43C-4B0C-9553-0A09B47F003E}.Debug|Any CPU.Build.0 = Debug|Any CPU
		{898049D9-B43C-4B0C-9553-0A09B47F003E}.Release|Any CPU.ActiveCfg = Release|Any CPU
		{898049D9-B43C-4B0C-9553-0A09B47F003E}.Release|Any CPU.Build.0 = Release|Any CPU
	EndGlobalSection
	GlobalSection(SolutionProperties) = preSolution
		HideSolutionNode = FALSE
	EndGlobalSection
	GlobalSection(ExtensibilityGlobals) = postSolution
		SolutionGuid = {DDB6305F-BD33-4B01-B4A6-CB09741E093A}
	EndGlobalSection
EndGlobal
